
Microsoft Visual Studio Solution File, Format Version 12.00
# Visual Studio 15
VisualStudioVersion = 15.0.27004.2006
MinimumVisualStudioVersion = 10.0.40219.1
Project("{FAE04EC0-301F-11D3-BF4B-00C04F79EFBC}") = "WGS84_ETRS89", "WGS84_ETRS89\WGS84_ETRS89.csproj", "{F2873CB5-3257-4136-AD12-DD6E7708B2E1}"
EndProject
Global
	GlobalSection(SolutionConfigurationPlatforms) = preSolution
		Debug|Any CPU = Debug|Any CPU
		Release|Any CPU = Release|Any CPU
	EndGlobalSection
	GlobalSection(ProjectConfigurationPlatforms) = postSolution
		{F2873CB5-3257-4136-AD12-DD6E7708B2E1}.Debug|Any CPU.ActiveCfg = Debug|Any CPU
		{F2873CB5-3257-4136-AD12-DD6E7708B2E1}.Debug|Any CPU.Build.0 = Debug|Any CPU
		{F2873CB5-3257-4136-AD12-DD6E7708B2E1}.Release|Any CPU.ActiveCfg = Release|Any CPU
		{F2873CB5-3257-4136-AD12-DD6E7708B2E1}.Release|Any CPU.Build.0 = Release|Any CPU
	EndGlobalSection
	GlobalSection(SolutionProperties) = preSolution
		HideSolutionNode = FALSE
	EndGlobalSection
	GlobalSection(ExtensibilityGlobals) = postSolution
		SolutionGuid = {235AF58C-1F16-4ADA-B1E1-18ACBDD25328}
	EndGlobalSection
EndGlobal
